PODS:
  - AotterTrek-iOS-SDK (3.5.7):
    - GoogleAds-IMA-iOS-SDK (~> 3.12)
  - GoogleAds-IMA-iOS-SDK (3.13.0)
  - mopub-ios-sdk (5.16.1):
    - mopub-ios-sdk/MoPubSDK (= 5.16.1)
  - mopub-ios-sdk/Core (5.16.1)
  - mopub-ios-sdk/MoPubSDK (5.16.1):
    - mopub-ios-sdk/Core
    - mopub-ios-sdk/NativeAds
  - mopub-ios-sdk/NativeAds (5.16.1):
    - mopub-ios-sdk/Core

DEPENDENCIES:
  - AotterTrek-iOS-SDK
  - GoogleAds-IMA-iOS-SDK (= 3.13.0)
  - mopub-ios-sdk (= 5.16.1)

SPEC REPOS:
  trunk:
    - AotterTrek-iOS-SDK
    - GoogleAds-IMA-iOS-SDK
    - mopub-ios-sdk

SPEC CHECKSUMS:
  AotterTrek-iOS-SDK: 712e6d7bdbd763866ffc55def3e0bf2c8ac381f8
  GoogleAds-IMA-iOS-SDK: b8d3693d370edcbd1440c827897c2b2a0b76673d
  mopub-ios-sdk: d207b434e6aef9c2f57423512e5eda1edf82930f

PODFILE CHECKSUM: 5077e80a612641df86007265cb06dbc314296460

COCOAPODS: 1.10.1
